
Microsoft Visual Studio Solution File, Format Version 12.00
# Visual Studio Version 16
VisualStudioVersion = 16.0.29215.179
MinimumVisualStudioVersion = 10.0.40219.1
Project("{FAE04EC0-301F-11D3-BF4B-00C04F79EFBC}") = "StickMan", "StickMan\StickMan.csproj", "{546D842B-6A72-4F12-B85F-8B5CB5DE8235}"
EndProject
Global
	GlobalSection(SolutionConfigurationPlatforms) = preSolution
		Debug|Any CPU = Debug|Any CPU
		Release|Any CPU = Release|Any CPU
	EndGlobalSection
	GlobalSection(ProjectConfigurationPlatforms) = postSolution
		{546D842B-6A72-4F12-B85F-8B5CB5DE8235}.Debug|Any CPU.ActiveCfg = Debug|Any CPU
		{546D842B-6A72-4F12-B85F-8B5CB5DE8235}.Debug|Any CPU.Build.0 = Debug|Any CPU
		{546D842B-6A72-4F12-B85F-8B5CB5DE8235}.Release|Any CPU.ActiveCfg = Release|Any CPU
		{546D842B-6A72-4F12-B85F-8B5CB5DE8235}.Release|Any CPU.Build.0 = Release|Any CPU
	EndGlobalSection
	GlobalSection(SolutionProperties) = preSolution
		HideSolutionNode = FALSE
	EndGlobalSection
	GlobalSection(ExtensibilityGlobals) = postSolution
		SolutionGuid = {1B06ECB9-5542-4A63-8C63-95749BD486AA}
	EndGlobalSection
EndGlobal
